
Microsoft Visual Studio Solution File, Format Version 12.00
# Visual Studio Version 17
VisualStudioVersion = 17.14.36811.4 d17.14
MinimumVisualStudioVersion = 10.0.40219.1
Project("{FAE04EC0-301F-11D3-BF4B-00C04F79EFBC}") = "092834092384092384092384", "092834092384092384092384\092834092384092384092384.csproj", "{69812A18-A127-4EA9-9A85-C8E7876BD211}"
EndProject
Global
	GlobalSection(SolutionConfigurationPlatforms) = preSolution
		Debug|Any CPU = Debug|Any CPU
		Release|Any CPU = Release|Any CPU
	EndGlobalSection
	GlobalSection(ProjectConfigurationPlatforms) = postSolution
		{69812A18-A127-4EA9-9A85-C8E7876BD211}.Debug|Any CPU.ActiveCfg = Debug|Any CPU
		{69812A18-A127-4EA9-9A85-C8E7876BD211}.Debug|Any CPU.Build.0 = Debug|Any CPU
		{69812A18-A127-4EA9-9A85-C8E7876BD211}.Release|Any CPU.ActiveCfg = Release|Any CPU
		{69812A18-A127-4EA9-9A85-C8E7876BD211}.Release|Any CPU.Build.0 = Release|Any CPU
	EndGlobalSection
	GlobalSection(SolutionProperties) = preSolution
		HideSolutionNode = FALSE
	EndGlobalSection
	GlobalSection(ExtensibilityGlobals) = postSolution
		SolutionGuid = {F9E790BA-9D22-4444-83E5-244C531C5408}
	EndGlobalSection
EndGlobal
